<Solution>
  <Folder Name="/src/">
    <Project Path="src/CleanArchitectureDemo.Api/CleanArchitectureDemo.Api.csproj" />
    <Project Path="src/CleanArchitectureDemo.Application/CleanArchitectureDemo.Application.csproj" />
    <Project Path="src/CleanArchitectureDemo.Domain/CleanArchitectureDemo.Domain.csproj" />
    <Project Path="src/CleanArchitectureDemo.Infrastructure/CleanArchitectureDemo.Infrastructure.csproj" />
  </Folder>
</Solution>
